
Microsoft Visual Studio Solution File, Format Version 12.00
# Visual Studio 2013
VisualStudioVersion = 12.0.30501.0
MinimumVisualStudioVersion = 10.0.40219.1
Project("{FAE04EC0-301F-11D3-BF4B-00C04F79EFBC}") = "HR.Web_UI", "HR.Web_UI\HR.Web_UI.csproj", "{91B49D61-9039-4D29-83EC-CA1E72665618}"
EndProject
Project("{FAE04EC0-301F-11D3-BF4B-00C04F79EFBC}") = "HR.DataAccess.EF", "HR.DataAccess.EF\HR.DataAccess.EF.csproj", "{92F20BAB-4478-48D8-BDBA-3A16225B4CE8}"
EndProject
Project("{FAE04EC0-301F-11D3-BF4B-00C04F79EFBC}") = "HR.Core", "HR.Core\HR.Core.csproj", "{1F903FE2-8312-46B7-94D1-404EF3AE251E}"
EndProject
Project("{FAE04EC0-301F-11D3-BF4B-00C04F79EFBC}") = "HR.DataAccess.NH", "HR.DataAccess.NH\HR.DataAccess.NH.csproj", "{B8450C39-F61F-4AB8-A87C-7DA6D5B4CFDC}"
EndProject
Project("{2150E333-8FDC-42A3-9474-1A3956D46DE8}") = "Solution Items", "Solution Items", "{E459D9AA-A7E5-405F-9E14-F1632B5109AC}"
	ProjectSection(SolutionItems) = preProject
		WebEssentials-Settings.json = WebEssentials-Settings.json
	EndProjectSection
EndProject
Project("{FAE04EC0-301F-11D3-BF4B-00C04F79EFBC}") = "HR.DataAccess.GLOBAL", "HR.DataAccess.GLOBAL\HR.DataAccess.GLOBAL.csproj", "{7FE1FACC-DE0D-4670-847B-E60570899067}"
EndProject
Project("{FAE04EC0-301F-11D3-BF4B-00C04F79EFBC}") = "HR.Data.Generator", "HR.Data.Generator\HR.Data.Generator.csproj", "{C1A07CAF-87B1-48EC-B73D-822B5E3CEC9C}"
EndProject
Project("{FAE04EC0-301F-11D3-BF4B-00C04F79EFBC}") = "HR.DataAccess.Dapper", "HR.DataAccess.Dapper\HR.DataAccess.Dapper.csproj", "{B7D0D594-7B3D-4EA5-8383-AFE7E36D80AD}"
EndProject
Global
	GlobalSection(SolutionConfigurationPlatforms) = preSolution
		Debug|Any CPU = Debug|Any CPU
		Release|Any CPU = Release|Any CPU
	EndGlobalSection
	GlobalSection(ProjectConfigurationPlatforms) = postSolution
		{91B49D61-9039-4D29-83EC-CA1E72665618}.Debug|Any CPU.ActiveCfg = Debug|Any CPU
		{91B49D61-9039-4D29-83EC-CA1E72665618}.Debug|Any CPU.Build.0 = Debug|Any CPU
		{91B49D61-9039-4D29-83EC-CA1E72665618}.Release|Any CPU.ActiveCfg = Release|Any CPU
		{91B49D61-9039-4D29-83EC-CA1E72665618}.Release|Any CPU.Build.0 = Release|Any CPU
		{92F20BAB-4478-48D8-BDBA-3A16225B4CE8}.Debug|Any CPU.ActiveCfg = Debug|Any CPU
		{92F20BAB-4478-48D8-BDBA-3A16225B4CE8}.Debug|Any CPU.Build.0 = Debug|Any CPU
		{92F20BAB-4478-48D8-BDBA-3A16225B4CE8}.Release|Any CPU.ActiveCfg = Release|Any CPU
		{92F20BAB-4478-48D8-BDBA-3A16225B4CE8}.Release|Any CPU.Build.0 = Release|Any CPU
		{1F903FE2-8312-46B7-94D1-404EF3AE251E}.Debug|Any CPU.ActiveCfg = Debug|Any CPU
		{1F903FE2-8312-46B7-94D1-404EF3AE251E}.Debug|Any CPU.Build.0 = Debug|Any CPU
		{1F903FE2-8312-46B7-94D1-404EF3AE251E}.Release|Any CPU.ActiveCfg = Release|Any CPU
		{1F903FE2-8312-46B7-94D1-404EF3AE251E}.Release|Any CPU.Build.0 = Release|Any CPU
		{B8450C39-F61F-4AB8-A87C-7DA6D5B4CFDC}.Debug|Any CPU.ActiveCfg = Debug|Any CPU
		{B8450C39-F61F-4AB8-A87C-7DA6D5B4CFDC}.Debug|Any CPU.Build.0 = Debug|Any CPU
		{B8450C39-F61F-4AB8-A87C-7DA6D5B4CFDC}.Release|Any CPU.ActiveCfg = Release|Any CPU
		{B8450C39-F61F-4AB8-A87C-7DA6D5B4CFDC}.Release|Any CPU.Build.0 = Release|Any CPU
		{7FE1FACC-DE0D-4670-847B-E60570899067}.Debug|Any CPU.ActiveCfg = Debug|Any CPU
		{7FE1FACC-DE0D-4670-847B-E60570899067}.Debug|Any CPU.Build.0 = Debug|Any CPU
		{7FE1FACC-DE0D-4670-847B-E60570899067}.Release|Any CPU.ActiveCfg = Release|Any CPU
		{7FE1FACC-DE0D-4670-847B-E60570899067}.Release|Any CPU.Build.0 = Release|Any CPU
		{C1A07CAF-87B1-48EC-B73D-822B5E3CEC9C}.Debug|Any CPU.ActiveCfg = Debug|Any CPU
		{C1A07CAF-87B1-48EC-B73D-822B5E3CEC9C}.Debug|Any CPU.Build.0 = Debug|Any CPU
		{C1A07CAF-87B1-48EC-B73D-822B5E3CEC9C}.Release|Any CPU.ActiveCfg = Release|Any CPU
		{C1A07CAF-87B1-48EC-B73D-822B5E3CEC9C}.Release|Any CPU.Build.0 = Release|Any CPU
		{B7D0D594-7B3D-4EA5-8383-AFE7E36D80AD}.Debug|Any CPU.ActiveCfg = Debug|Any CPU
		{B7D0D594-7B3D-4EA5-8383-AFE7E36D80AD}.Debug|Any CPU.Build.0 = Debug|Any CPU
		{B7D0D594-7B3D-4EA5-8383-AFE7E36D80AD}.Release|Any CPU.ActiveCfg = Release|Any CPU
		{B7D0D594-7B3D-4EA5-8383-AFE7E36D80AD}.Release|Any CPU.Build.0 = Release|Any CPU
	EndGlobalSection
	GlobalSection(SolutionProperties) = preSolution
		HideSolutionNode = FALSE
	EndGlobalSection
EndGlobal
